// !$*UTF8*$!
{
	archiveVersion = 1;
	classes = {
	};
	objectVersion = 46;
	objects = {

/* Begin PBXBuildFile section */
		8F7806671ABC3A4600F194D6 /* main.cpp in Sources */ = {isa = PBXBuildFile; fileRef = 8F7806661ABC3A4600F194D6 /* main.cpp */; };
		8F7806751ABC3A6500F194D6 /* deadreckoner.cpp in Sources */ = {isa = PBXBuildFile; fileRef = 8F78066D1ABC3A6500F194D6 /* deadreckoner.cpp */; };
		8F7806761ABC3A6500F194D6 /* quaternion.cpp in Sources */ = {isa = PBXBuildFile; fileRef = 8F78066F1ABC3A6500F194D6 /* quaternion.cpp */; };
		8F7806781ABC3A6500F194D6 /* vector.cpp in Sources */ = {isa = PBXBuildFile; fileRef = 8F7806731ABC3A6500F194D6 /* vector.cpp */; };
/* End PBXBuildFile section */

/* Begin PBXCopyFilesBuildPhase section */
		8F7806611ABC3A4600F194D6 /* CopyFiles */ = {
			isa = PBXCopyFilesBuildPhase;
			buildActionMask = 2147483647;
			dstPath = /usr/share/man/man1/;
			dstSubfolderSpec = 0;
			files = (
			);
			runOnlyForDeploymentPostprocessing = 1;
		};
/* End PBXCopyFilesBuildPhase section */

/* Begin PBXFileReference section */
		8F7806631ABC3A4600F194D6 /* Dead Reckoner */ = {isa = PBXFileReference; explicitFileType = "compiled.mach-o.executable"; includeInIndex = 0; path = "Dead Reckoner"; sourceTree = BUILT_PRODUCTS_DIR; };
		8F7806661ABC3A4600F194D6 /* main.cpp */ = {isa = PBXFileReference; lastKnownFileType = sourcecode.cpp.cpp; path = main.cpp; sourceTree = "<group>"; };
		8F78066D1ABC3A6500F194D6 /* deadreckoner.cpp */ = {isa = PBXFileReference; fileEncoding = 4; lastKnownFileType = sourcecode.cpp.cpp; path = deadreckoner.cpp; sourceTree = "<group>"; };
		8F78066E1ABC3A6500F194D6 /* deadreckoner.h */ = {isa = PBXFileReference; fileEncoding = 4; lastKnownFileType = sourcecode.c.h; path = deadreckoner.h; sourceTree = "<group>"; };
		8F78066F1ABC3A6500F194D6 /* quaternion.cpp */ = {isa = PBXFileReference; fileEncoding = 4; lastKnownFileType = sourcecode.cpp.cpp; path = quaternion.cpp; sourceTree = "<group>"; };
		8F7806701ABC3A6500F194D6 /* quaternion.h */ = {isa = PBXFileReference; fileEncoding = 4; lastKnownFileType = sourcecode.c.h; path = quaternion.h; sourceTree = "<group>"; };
		8F7806731ABC3A6500F194D6 /* vector.cpp */ = {isa = PBXFileReference; fileEncoding = 4; lastKnownFileType = sourcecode.cpp.cpp; path = vector.cpp; sourceTree = "<group>"; };
		8F7806741ABC3A6500F194D6 /* vector.h */ = {isa = PBXFileReference; fileEncoding = 4; lastKnownFileType = sourcecode.c.h; path = vector.h; sourceTree = "<group>"; };
		8F7806791ABC3AD800F194D6 /* datatypes.h */ = {isa = PBXFileReference; fileEncoding = 4; lastKnownFileType = sourcecode.c.h; path = datatypes.h; sourceTree = "<group>"; };
/* End PBXFileReference section */

/* Begin PBXFrameworksBuildPhase section */
		8F7806601ABC3A4600F194D6 /* Frameworks */ = {
			isa = PBXFrameworksBuildPhase;
			buildActionMask = 2147483647;
			files = (
			);
			runOnlyForDeploymentPostprocessing = 0;
		};
/* End PBXFrameworksBuildPhase section */

/* Begin PBXGroup section */
		8F78065A1ABC3A4600F194D6 = {
			isa = PBXGroup;
			children = (
				8F7806651ABC3A4600F194D6 /* Dead Reckoner */,
				8F7806641ABC3A4600F194D6 /* Products */,
			);
			sourceTree = "<group>";
		};
		8F7806641ABC3A4600F194D6 /* Products */ = {
			isa = PBXGroup;
			children = (
				8F7806631ABC3A4600F194D6 /* Dead Reckoner */,
			);
			name = Products;
			sourceTree = "<group>";
		};
		8F7806651ABC3A4600F194D6 /* Dead Reckoner */ = {
			isa = PBXGroup;
			children = (
				8F7806791ABC3AD800F194D6 /* datatypes.h */,
				8F78066D1ABC3A6500F194D6 /* deadreckoner.cpp */,
				8F78066E1ABC3A6500F194D6 /* deadreckoner.h */,
				8F78066F1ABC3A6500F194D6 /* quaternion.cpp */,
				8F7806701ABC3A6500F194D6 /* quaternion.h */,
				8F7806731ABC3A6500F194D6 /* vector.cpp */,
				8F7806741ABC3A6500F194D6 /* vector.h */,
				8F7806661ABC3A4600F194D6 /* main.cpp */,
			);
			path = "Dead Reckoner";
			sourceTree = "<group>";
		};
/* End PBXGroup section */

/* Begin PBXNativeTarget section */
		8F7806621ABC3A4600F194D6 /* Dead Reckoner */ = {
			isa = PBXNativeTarget;
			buildConfigurationList = 8F78066A1ABC3A4600F194D6 /* Build configuration list for PBXNativeTarget "Dead Reckoner" */;
			buildPhases = (
				8F78065F1ABC3A4600F194D6 /* Sources */,
				8F7806601ABC3A4600F194D6 /* Frameworks */,
				8F7806611ABC3A4600F194D6 /* CopyFiles */,
			);
			buildRules = (
			);
			dependencies = (
			);
			name = "Dead Reckoner";
			productName = "Dead Reckoner";
			productReference = 8F7806631ABC3A4600F194D6 /* Dead Reckoner */;
			productType = "com.apple.product-type.tool";
		};
/* End PBXNativeTarget section */

/* Begin PBXProject section */
		8F78065B1ABC3A4600F194D6 /* Project object */ = {
			isa = PBXProject;
			attributes = {
				LastUpgradeCheck = 0600;
				ORGANIZATIONNAME = "Iwe Labs";
				TargetAttributes = {
					8F7806621ABC3A4600F194D6 = {
						CreatedOnToolsVersion = 6.0.1;
					};
				};
			};
			buildConfigurationList = 8F78065E1ABC3A4600F194D6 /* Build configuration list for PBXProject "Dead Reckoner" */;
			compatibilityVersion = "Xcode 3.2";
			developmentRegion = English;
			hasScannedForEncodings = 0;
			knownRegions = (
				en,
			);
			mainGroup = 8F78065A1ABC3A4600F194D6;
			productRefGroup = 8F7806641ABC3A4600F194D6 /* Products */;
			projectDirPath = "";
			projectRoot = "";
			targets = (
				8F7806621ABC3A4600F194D6 /* Dead Reckoner */,
			);
		};
/* End PBXProject section */

/* Begin PBXSourcesBuildPhase section */
		8F78065F1ABC3A4600F194D6 /* Sources */ = {
			isa = PBXSourcesBuildPhase;
			buildActionMask = 2147483647;
			files = (
				8F7806751ABC3A6500F194D6 /* deadreckoner.cpp in Sources */,
				8F7806761ABC3A6500F194D6 /* quaternion.cpp in Sources */,
				8F7806671ABC3A4600F194D6 /* main.cpp in Sources */,
				8F7806781ABC3A6500F194D6 /* vector.cpp in Sources */,
			);
			runOnlyForDeploymentPostprocessing = 0;
		};
/* End PBXSourcesBuildPhase section */

/* Begin XCBuildConfiguration section */
		8F7806681ABC3A4600F194D6 /* Debug */ = {
			isa = XCBuildConfiguration;
			buildSettings = {
				ALWAYS_SEARCH_USER_PATHS = NO;
				CLANG_CXX_LANGUAGE_STANDARD = "gnu++0x";
				CLANG_CXX_LIBRARY = "libc++";
				CLANG_ENABLE_MODULES = YES;
				CLANG_ENABLE_OBJC_ARC = YES;
				CLANG_WARN_BOOL_CONVERSION = YES;
				CLANG_WARN_CONSTANT_CONVERSION = YES;
				CLANG_WARN_DIRECT_OBJC_ISA_USAGE = YES_ERROR;
				CLANG_WARN_EMPTY_BODY = YES;
				CLANG_WARN_ENUM_CONVERSION = YES;
				CLANG_WARN_INT_CONVERSION = YES;
				CLANG_WARN_OBJC_ROOT_CLASS = YES_ERROR;
				CLANG_WARN_UNREACHABLE_CODE = YES;
				CLANG_WARN__DUPLICATE_METHOD_MATCH = YES;
				COPY_PHASE_STRIP = NO;
				ENABLE_STRICT_OBJC_MSGSEND = YES;
				GCC_C_LANGUAGE_STANDARD = gnu99;
				GCC_DYNAMIC_NO_PIC = NO;
				GCC_OPTIMIZATION_LEVEL = 0;
				GCC_PREPROCESSOR_DEFINITIONS = (
					"DEBUG=1",
					"$(inherited)",
				);
				GCC_SYMBOLS_PRIVATE_EXTERN = NO;
				GCC_WARN_64_TO_32_BIT_CONVERSION = YES;
				GCC_WARN_ABOUT_RETURN_TYPE = YES_ERROR;
				GCC_WARN_UNDECLARED_SELECTOR = YES;
				GCC_WARN_UNINITIALIZED_AUTOS = YES_AGGRESSIVE;
				GCC_WARN_UNUSED_FUNCTION = YES;
				GCC_WARN_UNUSED_VARIABLE = YES;
				MACOSX_DEPLOYMENT_TARGET = 10.10;
				MTL_ENABLE_DEBUG_INFO = YES;
				ONLY_ACTIVE_ARCH = YES;
				SDKROOT = macosx;
			};
			name = Debug;
		};
		8F7806691ABC3A4600F194D6 /* Release */ = {
			isa = XCBuildConfiguration;
			buildSettings = {
				ALWAYS_SEARCH_USER_PATHS = NO;
				CLANG_CXX_LANGUAGE_STANDARD = "gnu++0x";
				CLANG_CXX_LIBRARY = "libc++";
				CLANG_ENABLE_MODULES = YES;
				CLANG_ENABLE_OBJC_ARC = YES;
				CLANG_WARN_BOOL_CONVERSION = YES;
				CLANG_WARN_CONSTANT_CONVERSION = YES;
				CLANG_WARN_DIRECT_OBJC_ISA_USAGE = YES_ERROR;
				CLANG_WARN_EMPTY_BODY = YES;
				CLANG_WARN_ENUM_CONVERSION = YES;
				CLANG_WARN_INT_CONVERSION = YES;
				CLANG_WARN_OBJC_ROOT_CLASS = YES_ERROR;
				CLANG_WARN_UNREACHABLE_CODE = YES;
				CLANG_WARN__DUPLICATE_METHOD_MATCH = YES;
				COPY_PHASE_STRIP = YES;
				DEBUG_INFORMATION_FORMAT = "dwarf-with-dsym";
				ENABLE_NS_ASSERTIONS = NO;
				ENABLE_STRICT_OBJC_MSGSEND = YES;
				GCC_C_LANGUAGE_STANDARD = gnu99;
				GCC_WARN_64_TO_32_BIT_CONVERSION = YES;
				GCC_WARN_ABOUT_RETURN_TYPE = YES_ERROR;
				GCC_WARN_UNDECLARED_SELECTOR = YES;
				GCC_WARN_UNINITIALIZED_AUTOS = YES_AGGRESSIVE;
				GCC_WARN_UNUSED_FUNCTION = YES;
				GCC_WARN_UNUSED_VARIABLE = YES;
				MACOSX_DEPLOYMENT_TARGET = 10.10;
				MTL_ENABLE_DEBUG_INFO = NO;
				SDKROOT = macosx;
			};
			name = Release;
		};
		8F78066B1ABC3A4600F194D6 /* Debug */ = {
			isa = XCBuildConfiguration;
			buildSettings = {
				MACOSX_DEPLOYMENT_TARGET = 10.9;
				PRODUCT_NAME = "$(TARGET_NAME)";
			};
			name = Debug;
		};
		8F78066C1ABC3A4600F194D6 /* Release */ = {
			isa = XCBuildConfiguration;
			buildSettings = {
				MACOSX_DEPLOYMENT_TARGET = 10.9;
				PRODUCT_NAME = "$(TARGET_NAME)";
			};
			name = Release;
		};
/* End XCBuildConfiguration section */

/* Begin XCConfigurationList section */
		8F78065E1ABC3A4600F194D6 /* Build configuration list for PBXProject "Dead Reckoner" */ = {
			isa = XCConfigurationList;
			buildConfigurations = (
				8F7806681ABC3A4600F194D6 /* Debug */,
				8F7806691ABC3A4600F194D6 /* Release */,
			);
			defaultConfigurationIsVisible = 0;
			defaultConfigurationName = Release;
		};
		8F78066A1ABC3A4600F194D6 /* Build configuration list for PBXNativeTarget "Dead Reckoner" */ = {
			isa = XCConfigurationList;
			buildConfigurations = (
				8F78066B1ABC3A4600F194D6 /* Debug */,
				8F78066C1ABC3A4600F194D6 /* Release */,
			);
			defaultConfigurationIsVisible = 0;
		};
/* End XCConfigurationList section */
	};
	rootObject = 8F78065B1ABC3A4600F194D6 /* Project object */;
}
